
Microsoft Visual Studio Solution File, Format Version 12.00
# Visual Studio 15
VisualStudioVersion = 15.0.28307.2092
MinimumVisualStudioVersion = 10.0.40219.1
Project("{FE7A1B72-C5B7-4D7C-BB7D-76384D4DE8E1}") = "TcHmiJsToastAndPopups", "TcHmiJsToastAndPopups\TcHmiJsToastAndPopups.hmiproj", "{70AC7854-3A6C-46C3-8262-E6ACE0D647F9}"
EndProject
Global
	GlobalSection(SolutionConfigurationPlatforms) = preSolution
		Debug|TwinCAT HMI = Debug|TwinCAT HMI
		Release|TwinCAT HMI = Release|TwinCAT HMI
	EndGlobalSection
	GlobalSection(ProjectConfigurationPlatforms) = postSolution
		{70AC7854-3A6C-46C3-8262-E6ACE0D647F9}.Debug|TwinCAT HMI.ActiveCfg = Debug|TwinCAT HMI
		{70AC7854-3A6C-46C3-8262-E6ACE0D647F9}.Debug|TwinCAT HMI.Build.0 = Debug|TwinCAT HMI
		{70AC7854-3A6C-46C3-8262-E6ACE0D647F9}.Release|TwinCAT HMI.ActiveCfg = Release|TwinCAT HMI
		{70AC7854-3A6C-46C3-8262-E6ACE0D647F9}.Release|TwinCAT HMI.Build.0 = Release|TwinCAT HMI
	EndGlobalSection
	GlobalSection(SolutionProperties) = preSolution
		HideSolutionNode = FALSE
	EndGlobalSection
	GlobalSection(ExtensibilityGlobals) = postSolution
		SolutionGuid = {E42F0A8F-C01A-4012-A4AB-95967DA2A202}
	EndGlobalSection
EndGlobal
